
Microsoft Visual Studio Solution File, Format Version 12.00
# Visual Studio Version 17
VisualStudioVersion = 17.10.35013.160
MinimumVisualStudioVersion = 10.0.40219.1
Project("{FAE04EC0-301F-11D3-BF4B-00C04F79EFBC}") = "MyGrogercyAppMain", "MauiApp7\MyGrogercyAppMain.csproj", "{C865BDCD-E372-4804-9ABF-494EC8BA0855}"
EndProject
Project("{FAE04EC0-301F-11D3-BF4B-00C04F79EFBC}") = "MyGrogercyAppApi", "WebApplication1\MyGrogercyAppApi.csproj", "{E8396C05-5449-4E73-8DFB-DE44C872FC21}"
EndProject
Project("{FAE04EC0-301F-11D3-BF4B-00C04F79EFBC}") = "MyGrogercyAppDLL", "ClassLibrary1\MyGrogercyAppDLL.csproj", "{32F688D6-9DB2-4C72-BD87-5609C3091788}"
EndProject
Global
	GlobalSection(SolutionConfigurationPlatforms) = preSolution
		Debug|Any CPU = Debug|Any CPU
		Release|Any CPU = Release|Any CPU
	EndGlobalSection
	GlobalSection(ProjectConfigurationPlatforms) = postSolution
		{C865BDCD-E372-4804-9ABF-494EC8BA0855}.Debug|Any CPU.ActiveCfg = Debug|Any CPU
		{C865BDCD-E372-4804-9ABF-494EC8BA0855}.Debug|Any CPU.Build.0 = Debug|Any CPU
		{C865BDCD-E372-4804-9ABF-494EC8BA0855}.Debug|Any CPU.Deploy.0 = Debug|Any CPU
		{C865BDCD-E372-4804-9ABF-494EC8BA0855}.Release|Any CPU.ActiveCfg = Release|Any CPU
		{C865BDCD-E372-4804-9ABF-494EC8BA0855}.Release|Any CPU.Build.0 = Release|Any CPU
		{C865BDCD-E372-4804-9ABF-494EC8BA0855}.Release|Any CPU.Deploy.0 = Release|Any CPU
		{E8396C05-5449-4E73-8DFB-DE44C872FC21}.Debug|Any CPU.ActiveCfg = Debug|Any CPU
		{E8396C05-5449-4E73-8DFB-DE44C872FC21}.Debug|Any CPU.Build.0 = Debug|Any CPU
		{E8396C05-5449-4E73-8DFB-DE44C872FC21}.Release|Any CPU.ActiveCfg = Release|Any CPU
		{E8396C05-5449-4E73-8DFB-DE44C872FC21}.Release|Any CPU.Build.0 = Release|Any CPU
		{32F688D6-9DB2-4C72-BD87-5609C3091788}.Debug|Any CPU.ActiveCfg = Debug|Any CPU
		{32F688D6-9DB2-4C72-BD87-5609C3091788}.Debug|Any CPU.Build.0 = Debug|Any CPU
		{32F688D6-9DB2-4C72-BD87-5609C3091788}.Release|Any CPU.ActiveCfg = Release|Any CPU
		{32F688D6-9DB2-4C72-BD87-5609C3091788}.Release|Any CPU.Build.0 = Release|Any CPU
	EndGlobalSection
	GlobalSection(SolutionProperties) = preSolution
		HideSolutionNode = FALSE
	EndGlobalSection
	GlobalSection(ExtensibilityGlobals) = postSolution
		SolutionGuid = {2D49A3C9-27D8-46D1-975E-E656C3542D99}
	EndGlobalSection
EndGlobal
